# @generated by Move, please check-in and do not edit manually.

[move]
version = 0
manifest_digest = "0249160B458A2C07C69A04806E2548E7A8C00FF9EE95B0F9DB7B4C6415701953"
deps_digest = "F8BBB0CCB2491CA29A3DF03D6F92277A4F3574266507ACD77214D37ECA3F3082"

dependencies = [
  { name = "Sui" },
]

[[move.package]]
name = "MoveStdlib"
source = { git = "https://github.com/MystenLabs/sui.git", rev = "mainnet-v1.22.0", subdir = "crates/sui-framework/packages/move-stdlib" }

[[move.package]]
name = "Sui"
source = { git = "https://github.com/MystenLabs/sui.git", rev = "mainnet-v1.22.0", subdir = "crates/sui-framework/packages/sui-framework" }

dependencies = [
  { name = "MoveStdlib" },
]

[move.toolchain-version]
compiler-version = "1.22.0"
edition = "legacy"
flavor = "sui"

[env]

[env.testnet]
chain-id = "4c78adac"
original-published-id = "0x8b699fdce543505aeb290ee1b6b5d20fcaa8e8b1a5fc137a8b3facdfa2902209"
latest-published-id = "0x75818a1083fface3dec10fc5f7466d3adafe7bcf2485248160ea4bb17b8afabe"
published-version = "2"
