# @generated by Move, please check-in and do not edit manually.

[move]
version = 3
manifest_digest = "67C41541AFA9014110F555268AB2D8D09282193B8079126711ACF652B1615498"
deps_digest = "F8BBB0CCB2491CA29A3DF03D6F92277A4F3574266507ACD77214D37ECA3F3082"

dependencies = [
  { id = "Sui", name = "Sui" },
]

[[move.package]]
id = "MoveStdlib"
source = { git = "https://github.com/MystenLabs/sui.git", rev = "mainnet-v1.27.2", subdir = "crates/sui-framework/packages/move-stdlib" }

[[move.package]]
id = "Sui"
source = { git = "https://github.com/MystenLabs/sui.git", rev = "mainnet-v1.27.2", subdir = "crates/sui-framework/packages/sui-framework" }

dependencies = [
  { id = "MoveStdlib", name = "MoveStdlib" },
]

[move.toolchain-version]
compiler-version = "1.62.1"
edition = "2024.beta"
flavor = "sui"

[env]

[env.testnet]
chain-id = "4c78adac"
original-published-id = "0x8b699fdce543505aeb290ee1b6b5d20fcaa8e8b1a5fc137a8b3facdfa2902209"
latest-published-id = "0x75818a1083fface3dec10fc5f7466d3adafe7bcf2485248160ea4bb17b8afabe"
published-version = "2"
